
Microsoft Visual Studio Solution File, Format Version 12.00
# Visual Studio 15
VisualStudioVersion = 15.0.27130.2036
MinimumVisualStudioVersion = 10.0.40219.1
Project("{888888A0-9F3D-457C-B088-3A5042F75D52}") = "dungeon_game", "dungeon_game\dungeon_game.pyproj", "{EB4C698D-1278-40EC-99BA-C7A38D6E2E06}"
EndProject
Global
	GlobalSection(SolutionConfigurationPlatforms) = preSolution
		Debug|Any CPU = Debug|Any CPU
		Release|Any CPU = Release|Any CPU
	EndGlobalSection
	GlobalSection(ProjectConfigurationPlatforms) = postSolution
		{EB4C698D-1278-40EC-99BA-C7A38D6E2E06}.Debug|Any CPU.ActiveCfg = Debug|Any CPU
		{EB4C698D-1278-40EC-99BA-C7A38D6E2E06}.Release|Any CPU.ActiveCfg = Release|Any CPU
	EndGlobalSection
	GlobalSection(SolutionProperties) = preSolution
		HideSolutionNode = FALSE
	EndGlobalSection
	GlobalSection(ExtensibilityGlobals) = postSolution
		SolutionGuid = {9630EC65-1C4B-49E7-8426-11C648CB36F7}
	EndGlobalSection
EndGlobal
